
Microsoft Visual Studio Solution File, Format Version 12.00
# Visual Studio Version 16
VisualStudioVersion = 25.0.1700.5
MinimumVisualStudioVersion = 10.0.40219.1
Project("{FAE04EC0-301F-11D3-BF4B-00C04F79EFBC}") = "MultiValueDictionary", "MultiValueDictionary\MultiValueDictionary.csproj", "{A3441FE5-3252-4EEB-A5D4-82C95BC3576F}"
EndProject
Project("{FAE04EC0-301F-11D3-BF4B-00C04F79EFBC}") = "MultivalueDictionaryTests", "MultivalueDictionaryTests\MultivalueDictionaryTests.csproj", "{CCCDAE7D-A8FC-40B1-A36C-33EAF5D8DDC3}"
EndProject
Project("{2150E333-8FDC-42A3-9474-1A3956D46DE8}") = "Solution Items", "Solution Items", "{E99B1080-03BF-4A9E-9A77-99A5F356F4A4}"
	ProjectSection(SolutionItems) = preProject
		README.md = README.md
	EndProjectSection
EndProject
Global
	GlobalSection(SolutionConfigurationPlatforms) = preSolution
		Debug|Any CPU = Debug|Any CPU
		Release|Any CPU = Release|Any CPU
	EndGlobalSection
	GlobalSection(ProjectConfigurationPlatforms) = postSolution
		{A3441FE5-3252-4EEB-A5D4-82C95BC3576F}.Debug|Any CPU.ActiveCfg = Debug|Any CPU
		{A3441FE5-3252-4EEB-A5D4-82C95BC3576F}.Debug|Any CPU.Build.0 = Debug|Any CPU
		{A3441FE5-3252-4EEB-A5D4-82C95BC3576F}.Release|Any CPU.ActiveCfg = Release|Any CPU
		{A3441FE5-3252-4EEB-A5D4-82C95BC3576F}.Release|Any CPU.Build.0 = Release|Any CPU
		{CCCDAE7D-A8FC-40B1-A36C-33EAF5D8DDC3}.Debug|Any CPU.ActiveCfg = Debug|Any CPU
		{CCCDAE7D-A8FC-40B1-A36C-33EAF5D8DDC3}.Debug|Any CPU.Build.0 = Debug|Any CPU
		{CCCDAE7D-A8FC-40B1-A36C-33EAF5D8DDC3}.Release|Any CPU.ActiveCfg = Release|Any CPU
		{CCCDAE7D-A8FC-40B1-A36C-33EAF5D8DDC3}.Release|Any CPU.Build.0 = Release|Any CPU
	EndGlobalSection
	GlobalSection(SolutionProperties) = preSolution
		HideSolutionNode = FALSE
	EndGlobalSection
	GlobalSection(ExtensibilityGlobals) = postSolution
		SolutionGuid = {269987B1-4C67-41BE-8D8D-BEC94CC64F1C}
	EndGlobalSection
EndGlobal
